
Microsoft Visual Studio Solution File, Format Version 12.00
# Visual Studio Version 17
VisualStudioVersion = 17.6.33712.159
MinimumVisualStudioVersion = 10.0.40219.1
Project("{9A19103F-16F7-4668-BE54-9A1E7A4F7556}") = "OnlineDoctorSystem.Web", "OnlineDoctorSystem.Web\OnlineDoctorSystem.Web.csproj", "{8DD0FD83-28CB-40A1-BAA9-20B57AA747C2}"
EndProject
Project("{2150E333-8FDC-42A3-9474-1A3956D46DE8}") = "Web", "Web", "{83E23F85-C714-4673-BB32-49BE492D6DCF}"
EndProject
Project("{2150E333-8FDC-42A3-9474-1A3956D46DE8}") = "Data", "Data", "{D32A6C63-ED2A-4E19-93C7-8C8BB4BF4C95}"
EndProject
Project("{9A19103F-16F7-4668-BE54-9A1E7A4F7556}") = "OnlineDoctorSystem.Data.Models", "OnlineDoctorSystem.Data.Models\OnlineDoctorSystem.Data.Models.csproj", "{B79D0444-1B92-4648-8D5A-62E03617DC22}"
EndProject
Project("{9A19103F-16F7-4668-BE54-9A1E7A4F7556}") = "OnlineDoctorSystem.Data", "OnlineDoctorSystem.Data\OnlineDoctorSystem.Data.csproj", "{F960A364-2267-47DE-87E4-7A4440C5DF1B}"
EndProject
Project("{9A19103F-16F7-4668-BE54-9A1E7A4F7556}") = "OnlineDoctorSystem.Data.Common", "OnlineDoctorSystem.Data.Common\OnlineDoctorSystem.Data.Common.csproj", "{F417BFD9-5779-48AF-B8EB-CA4B51F6DB3C}"
EndProject
Project("{2150E333-8FDC-42A3-9474-1A3956D46DE8}") = "Services", "Services", "{3BEDE0E7-9BDF-455F-B27E-2BC37353B625}"
EndProject
Project("{9A19103F-16F7-4668-BE54-9A1E7A4F7556}") = "OnlineDoctorSystem.Services.Data", "OnlineDoctorSystem.Services.Data\OnlineDoctorSystem.Services.Data.csproj", "{B7353D05-A9D3-40FB-BE08-D3BEF48EF202}"
EndProject
Project("{2150E333-8FDC-42A3-9474-1A3956D46DE8}") = "Constants", "Constants", "{139EAB93-3BDC-49E4-B72C-C649EA4312FB}"
EndProject
Project("{9A19103F-16F7-4668-BE54-9A1E7A4F7556}") = "OnlineDoctorSystem.Common", "OnlineDoctorSystem.Common\OnlineDoctorSystem.Common.csproj", "{F2C277FF-23F0-47F4-99E4-480F5D78F2D2}"
EndProject
Project("{9A19103F-16F7-4668-BE54-9A1E7A4F7556}") = "OnlineDoctorSystem.Web.Infrastructure", "OnlineDoctorSystem.Web.Infrastructure\OnlineDoctorSystem.Web.Infrastructure.csproj", "{AC54C8C7-503A-4E1C-A8FA-9FD7E5DABA32}"
EndProject
Project("{9A19103F-16F7-4668-BE54-9A1E7A4F7556}") = "OnlineDoctorSystem.Web.ViewModels", "OnlineDoctorSystem.Web.ViewModels\OnlineDoctorSystem.Web.ViewModels.csproj", "{43C3D81A-8D0F-456C-BC08-E70BAC5D4041}"
EndProject
Project("{9A19103F-16F7-4668-BE54-9A1E7A4F7556}") = "OnlineDoctorSystem.Services.Data.Models", "OnlineDoctorSystem.Services.Data.Models\OnlineDoctorSystem.Services.Data.Models.csproj", "{3BB2A97E-EDEE-4E08-B64B-78D364BA6843}"
EndProject
Project("{FAE04EC0-301F-11D3-BF4B-00C04F79EFBC}") = "OnlineDoctorSystem.Services.Scraping", "OnlineDoctorSystem.Services.Scraping\OnlineDoctorSystem.Services.Scraping.csproj", "{F79B133D-FE4A-40DB-B01F-60A654B37015}"
EndProject
Global
	GlobalSection(SolutionConfigurationPlatforms) = preSolution
		Debug|Any CPU = Debug|Any CPU
		Release|Any CPU = Release|Any CPU
	EndGlobalSection
	GlobalSection(ProjectConfigurationPlatforms) = postSolution
		{8DD0FD83-28CB-40A1-BAA9-20B57AA747C2}.Debug|Any CPU.ActiveCfg = Debug|Any CPU
		{8DD0FD83-28CB-40A1-BAA9-20B57AA747C2}.Debug|Any CPU.Build.0 = Debug|Any CPU
		{8DD0FD83-28CB-40A1-BAA9-20B57AA747C2}.Release|Any CPU.ActiveCfg = Release|Any CPU
		{8DD0FD83-28CB-40A1-BAA9-20B57AA747C2}.Release|Any CPU.Build.0 = Release|Any CPU
		{B79D0444-1B92-4648-8D5A-62E03617DC22}.Debug|Any CPU.ActiveCfg = Debug|Any CPU
		{B79D0444-1B92-4648-8D5A-62E03617DC22}.Debug|Any CPU.Build.0 = Debug|Any CPU
		{B79D0444-1B92-4648-8D5A-62E03617DC22}.Release|Any CPU.ActiveCfg = Release|Any CPU
		{B79D0444-1B92-4648-8D5A-62E03617DC22}.Release|Any CPU.Build.0 = Release|Any CPU
		{F960A364-2267-47DE-87E4-7A4440C5DF1B}.Debug|Any CPU.ActiveCfg = Debug|Any CPU
		{F960A364-2267-47DE-87E4-7A4440C5DF1B}.Debug|Any CPU.Build.0 = Debug|Any CPU
		{F960A364-2267-47DE-87E4-7A4440C5DF1B}.Release|Any CPU.ActiveCfg = Release|Any CPU
		{F960A364-2267-47DE-87E4-7A4440C5DF1B}.Release|Any CPU.Build.0 = Release|Any CPU
		{F417BFD9-5779-48AF-B8EB-CA4B51F6DB3C}.Debug|Any CPU.ActiveCfg = Debug|Any CPU
		{F417BFD9-5779-48AF-B8EB-CA4B51F6DB3C}.Debug|Any CPU.Build.0 = Debug|Any CPU
		{F417BFD9-5779-48AF-B8EB-CA4B51F6DB3C}.Release|Any CPU.ActiveCfg = Release|Any CPU
		{F417BFD9-5779-48AF-B8EB-CA4B51F6DB3C}.Release|Any CPU.Build.0 = Release|Any CPU
		{B7353D05-A9D3-40FB-BE08-D3BEF48EF202}.Debug|Any CPU.ActiveCfg = Debug|Any CPU
		{B7353D05-A9D3-40FB-BE08-D3BEF48EF202}.Debug|Any CPU.Build.0 = Debug|Any CPU
		{B7353D05-A9D3-40FB-BE08-D3BEF48EF202}.Release|Any CPU.ActiveCfg = Release|Any CPU
		{B7353D05-A9D3-40FB-BE08-D3BEF48EF202}.Release|Any CPU.Build.0 = Release|Any CPU
		{F2C277FF-23F0-47F4-99E4-480F5D78F2D2}.Debug|Any CPU.ActiveCfg = Debug|Any CPU
		{F2C277FF-23F0-47F4-99E4-480F5D78F2D2}.Debug|Any CPU.Build.0 = Debug|Any CPU
		{F2C277FF-23F0-47F4-99E4-480F5D78F2D2}.Release|Any CPU.ActiveCfg = Release|Any CPU
		{F2C277FF-23F0-47F4-99E4-480F5D78F2D2}.Release|Any CPU.Build.0 = Release|Any CPU
		{AC54C8C7-503A-4E1C-A8FA-9FD7E5DABA32}.Debug|Any CPU.ActiveCfg = Debug|Any CPU
		{AC54C8C7-503A-4E1C-A8FA-9FD7E5DABA32}.Debug|Any CPU.Build.0 = Debug|Any CPU
		{AC54C8C7-503A-4E1C-A8FA-9FD7E5DABA32}.Release|Any CPU.ActiveCfg = Release|Any CPU
		{AC54C8C7-503A-4E1C-A8FA-9FD7E5DABA32}.Release|Any CPU.Build.0 = Release|Any CPU
		{43C3D81A-8D0F-456C-BC08-E70BAC5D4041}.Debug|Any CPU.ActiveCfg = Debug|Any CPU
		{43C3D81A-8D0F-456C-BC08-E70BAC5D4041}.Debug|Any CPU.Build.0 = Debug|Any CPU
		{43C3D81A-8D0F-456C-BC08-E70BAC5D4041}.Release|Any CPU.ActiveCfg = Release|Any CPU
		{43C3D81A-8D0F-456C-BC08-E70BAC5D4041}.Release|Any CPU.Build.0 = Release|Any CPU
		{3BB2A97E-EDEE-4E08-B64B-78D364BA6843}.Debug|Any CPU.ActiveCfg = Debug|Any CPU
		{3BB2A97E-EDEE-4E08-B64B-78D364BA6843}.Debug|Any CPU.Build.0 = Debug|Any CPU
		{3BB2A97E-EDEE-4E08-B64B-78D364BA6843}.Release|Any CPU.ActiveCfg = Release|Any CPU
		{3BB2A97E-EDEE-4E08-B64B-78D364BA6843}.Release|Any CPU.Build.0 = Release|Any CPU
		{F79B133D-FE4A-40DB-B01F-60A654B37015}.Debug|Any CPU.ActiveCfg = Debug|Any CPU
		{F79B133D-FE4A-40DB-B01F-60A654B37015}.Debug|Any CPU.Build.0 = Debug|Any CPU
		{F79B133D-FE4A-40DB-B01F-60A654B37015}.Release|Any CPU.ActiveCfg = Release|Any CPU
		{F79B133D-FE4A-40DB-B01F-60A654B37015}.Release|Any CPU.Build.0 = Release|Any CPU
	EndGlobalSection
	GlobalSection(SolutionProperties) = preSolution
		HideSolutionNode = FALSE
	EndGlobalSection
	GlobalSection(NestedProjects) = preSolution
		{8DD0FD83-28CB-40A1-BAA9-20B57AA747C2} = {83E23F85-C714-4673-BB32-49BE492D6DCF}
		{B79D0444-1B92-4648-8D5A-62E03617DC22} = {D32A6C63-ED2A-4E19-93C7-8C8BB4BF4C95}
		{F960A364-2267-47DE-87E4-7A4440C5DF1B} = {D32A6C63-ED2A-4E19-93C7-8C8BB4BF4C95}
		{F417BFD9-5779-48AF-B8EB-CA4B51F6DB3C} = {D32A6C63-ED2A-4E19-93C7-8C8BB4BF4C95}
		{B7353D05-A9D3-40FB-BE08-D3BEF48EF202} = {3BEDE0E7-9BDF-455F-B27E-2BC37353B625}
		{F2C277FF-23F0-47F4-99E4-480F5D78F2D2} = {139EAB93-3BDC-49E4-B72C-C649EA4312FB}
		{AC54C8C7-503A-4E1C-A8FA-9FD7E5DABA32} = {83E23F85-C714-4673-BB32-49BE492D6DCF}
		{43C3D81A-8D0F-456C-BC08-E70BAC5D4041} = {83E23F85-C714-4673-BB32-49BE492D6DCF}
		{3BB2A97E-EDEE-4E08-B64B-78D364BA6843} = {3BEDE0E7-9BDF-455F-B27E-2BC37353B625}
		{F79B133D-FE4A-40DB-B01F-60A654B37015} = {3BEDE0E7-9BDF-455F-B27E-2BC37353B625}
	EndGlobalSection
	GlobalSection(ExtensibilityGlobals) = postSolution
		SolutionGuid = {C1160D3D-75BB-4F22-B355-370893B54A2F}
	EndGlobalSection
EndGlobal
