
Microsoft Visual Studio Solution File, Format Version 12.00
# Visual Studio Version 17
VisualStudioVersion = 17.6.33712.159
MinimumVisualStudioVersion = 10.0.40219.1
Project("{9A19103F-16F7-4668-BE54-9A1E7A4F7556}") = "OnlineDoctorSystem.Web", "OnlineDoctorSystem.Web\OnlineDoctorSystem.Web.csproj", "{8DD0FD83-28CB-40A1-BAA9-20B57AA747C2}"
EndProject
Project("{2150E333-8FDC-42A3-9474-1A3956D46DE8}") = "Web", "Web", "{83E23F85-C714-4673-BB32-49BE492D6DCF}"
EndProject
Project("{2150E333-8FDC-42A3-9474-1A3956D46DE8}") = "Data", "Data", "{D32A6C63-ED2A-4E19-93C7-8C8BB4BF4C95}"
EndProject
Project("{FAE04EC0-301F-11D3-BF4B-00C04F79EFBC}") = "OnlineDoctorSystem.Data.Models", "OnlineDoctorSystem.Data.Models\OnlineDoctorSystem.Data.Models.csproj", "{B79D0444-1B92-4648-8D5A-62E03617DC22}"
EndProject
Project("{FAE04EC0-301F-11D3-BF4B-00C04F79EFBC}") = "OnlineDoctorSystem.Data", "OnlineDoctorSystem.Data\OnlineDoctorSystem.Data.csproj", "{F960A364-2267-47DE-87E4-7A4440C5DF1B}"
EndProject
Global
	GlobalSection(SolutionConfigurationPlatforms) = preSolution
		Debug|Any CPU = Debug|Any CPU
		Release|Any CPU = Release|Any CPU
	EndGlobalSection
	GlobalSection(ProjectConfigurationPlatforms) = postSolution
		{8DD0FD83-28CB-40A1-BAA9-20B57AA747C2}.Debug|Any CPU.ActiveCfg = Debug|Any CPU
		{8DD0FD83-28CB-40A1-BAA9-20B57AA747C2}.Debug|Any CPU.Build.0 = Debug|Any CPU
		{8DD0FD83-28CB-40A1-BAA9-20B57AA747C2}.Release|Any CPU.ActiveCfg = Release|Any CPU
		{8DD0FD83-28CB-40A1-BAA9-20B57AA747C2}.Release|Any CPU.Build.0 = Release|Any CPU
		{B79D0444-1B92-4648-8D5A-62E03617DC22}.Debug|Any CPU.ActiveCfg = Debug|Any CPU
		{B79D0444-1B92-4648-8D5A-62E03617DC22}.Debug|Any CPU.Build.0 = Debug|Any CPU
		{B79D0444-1B92-4648-8D5A-62E03617DC22}.Release|Any CPU.ActiveCfg = Release|Any CPU
		{B79D0444-1B92-4648-8D5A-62E03617DC22}.Release|Any CPU.Build.0 = Release|Any CPU
		{F960A364-2267-47DE-87E4-7A4440C5DF1B}.Debug|Any CPU.ActiveCfg = Debug|Any CPU
		{F960A364-2267-47DE-87E4-7A4440C5DF1B}.Debug|Any CPU.Build.0 = Debug|Any CPU
		{F960A364-2267-47DE-87E4-7A4440C5DF1B}.Release|Any CPU.ActiveCfg = Release|Any CPU
		{F960A364-2267-47DE-87E4-7A4440C5DF1B}.Release|Any CPU.Build.0 = Release|Any CPU
	EndGlobalSection
	GlobalSection(SolutionProperties) = preSolution
		HideSolutionNode = FALSE
	EndGlobalSection
	GlobalSection(NestedProjects) = preSolution
		{8DD0FD83-28CB-40A1-BAA9-20B57AA747C2} = {83E23F85-C714-4673-BB32-49BE492D6DCF}
		{B79D0444-1B92-4648-8D5A-62E03617DC22} = {D32A6C63-ED2A-4E19-93C7-8C8BB4BF4C95}
		{F960A364-2267-47DE-87E4-7A4440C5DF1B} = {D32A6C63-ED2A-4E19-93C7-8C8BB4BF4C95}
	EndGlobalSection
	GlobalSection(ExtensibilityGlobals) = postSolution
		SolutionGuid = {C1160D3D-75BB-4F22-B355-370893B54A2F}
	EndGlobalSection
EndGlobal
